{"version":4,"terraform_version":"1.11.2","serial":5,"lineage":"8e41156e-bd04-4799-dd72-09ad2a4cb703","outputs":{},"resources":[{"mode":"data","type":"xenorchestra_network","name":"net","provider":"provider[\"registry.opentofu.org/vatesfr/xenorchestra\"]","instances":[{"schema_version":0,"attributes":{"bridge":"xenbr0","id":"ec4994f7-71a0-fcde-05ca-4d4e23ac0fdc","name_label":"Pool-wide network associated with eth0","pool_id":"082ae114-aa3e-7e69-7dff-077e07dbecee"},"sensitive_attributes":[]}]},{"mode":"data","type":"xenorchestra_pool","name":"pool","provider":"provider[\"registry.opentofu.org/vatesfr/xenorchestra\"]","instances":[{"schema_version":0,"attributes":{"cpus":{"cores":"32","sockets":"2"},"description":"","id":"082ae114-aa3e-7e69-7dff-077e07dbecee","master":"0901b115-88a3-4d96-806a-3a16da4ae4a3","name_label":"dl380g9-pool"},"sensitive_attributes":[]}]},{"mode":"data","type":"xenorchestra_template","name":"template","provider":"provider[\"registry.opentofu.org/vatesfr/xenorchestra\"]","instances":[{"schema_version":0,"attributes":{"boot_firmware":"bios","id":"17d1c1ba-3d26-54a5-85c7-6c2a859b791d","name_label":"dl380g9 - Ubuntu 22.04","pool_id":"082ae114-aa3e-7e69-7dff-077e07dbecee","uuid":"17d1c1ba-3d26-54a5-85c7-6c2a859b791d"},"sensitive_attributes":[]}]},{"mode":"managed","type":"xenorchestra_cloud_config","name":"cloud-config","provider":"provider[\"registry.opentofu.org/vatesfr/xenorchestra\"]","instances":[{"schema_version":0,"attributes":{"id":"d0c5a060-1a7f-4e10-afff-87de99c08ccb","name":"cloud config","template":"#cloud-config\nhostname: testvm\nfqdn: testvm.layer8.pro\npackage_upgrade: true\n"},"sensitive_attributes":[],"private":"bnVsbA=="}]},{"mode":"managed","type":"xenorchestra_vm","name":"testvm","provider":"provider[\"registry.opentofu.org/vatesfr/xenorchestra\"]","instances":[{"schema_version":2,"attributes":{"affinity_host":"0901b115-88a3-4d96-806a-3a16da4ae4a3","auto_poweron":false,"blocked_operations":null,"cdrom":[],"clone_type":"fast","cloud_config":"#cloud-config\nhostname: testvm\nfqdn: testvm.layer8.pro\npackage_upgrade: true\n","cloud_network_config":null,"core_os":false,"cpu_cap":0,"cpu_weight":0,"cpus":2,"destroy_cloud_config_vdi_after_boot":true,"disk":[{"attached":true,"name_description":"","name_label":"Ubuntu2204_imavo","position":"0","size":17179869184,"sr_id":"b1391e03-265f-2a03-3831-d6a82c6cf4d3","vbd_id":"38ffd0cd-99d6-9061-f27d-8a81847f9956","vdi_id":"87540e7a-1ab3-465f-9f6b-f8239f3acd68"}],"exp_nested_hvm":false,"high_availability":"","host":null,"hvm_boot_firmware":"bios","id":"2974bd16-8f92-ac65-a2eb-cb4107c71223","installation_method":null,"ipv4_addresses":[],"ipv6_addresses":[],"memory_max":6442450944,"memory_min":2147483648,"name_description":"test vm","name_label":"testvm","network":[{"attached":true,"device":"0","expected_ip_cidr":"","ipv4_addresses":[],"ipv6_addresses":[],"mac_address":"92:47:ad:14:b3:bc","network_id":"ec4994f7-71a0-fcde-05ca-4d4e23ac0fdc"}],"power_state":"Running","resource_set":"","secure_boot":false,"start_delay":0,"tags":["Noble","Ubuntu"],"template":"17d1c1ba-3d26-54a5-85c7-6c2a859b791d","timeouts":{"create":"20m","delete":null,"update":null},"vga":"std","videoram":8,"xenstore":null},"sensitive_attributes":[],"private":"eyJlMmJmYjczMC1lY2FhLTExZTYtOGY4OC0zNDM2M2JjN2M0YzAiOnsiY3JlYXRlIjoxMjAwMDAwMDAwMDAwLCJkZWxldGUiOjMwMDAwMDAwMDAwMCwidXBkYXRlIjozMDAwMDAwMDAwMDB9LCJzY2hlbWFfdmVyc2lvbiI6IjIifQ==","dependencies":["data.xenorchestra_network.net","data.xenorchestra_pool.pool","data.xenorchestra_template.template","xenorchestra_cloud_config.cloud-config"]}]}],"check_results":null}
